
Microsoft Visual Studio Solution File, Format Version 12.00
# Visual Studio Version 16
VisualStudioVersion = 16.0.30804.86
MinimumVisualStudioVersion = 10.0.40219.1
Project("{2150E333-8FDC-42A3-9474-1A3956D46DE8}") = "src", "src", "{C01E0023-649D-4117-A103-54682CCAC2C5}"
	ProjectSection(SolutionItems) = preProject
		readme.md = readme.md
	EndProjectSection
EndProject
Project("{2150E333-8FDC-42A3-9474-1A3956D46DE8}") = "Building Blocks", "Building Blocks", "{F4EC2232-F0F0-4E4E-AE6C-433A35BC95A6}"
EndProject
Project("{2150E333-8FDC-42A3-9474-1A3956D46DE8}") = "Services", "Services", "{E2493DA6-358E-4C7A-8D8E-FD0D2BE8F7BF}"
EndProject
Project("{2150E333-8FDC-42A3-9474-1A3956D46DE8}") = "Web", "Web", "{86FE3E35-765C-489D-9A5A-935DB9396431}"
EndProject
Project("{2150E333-8FDC-42A3-9474-1A3956D46DE8}") = "Identidade", "Identidade", "{30AB9330-FABD-41C3-BC45-D8C4F2BFA43A}"
EndProject
Project("{9A19103F-16F7-4668-BE54-9A1E7A4F7556}") = "WSE.Identidade.API", "src\services\WSE.Identidade.API\WSE.Identidade.API.csproj", "{27375A60-D8B2-4FA4-9273-F2B75FC4244E}"
EndProject
Project("{2150E333-8FDC-42A3-9474-1A3956D46DE8}") = "MVC", "MVC", "{148473C7-238F-4FFF-BF49-3E06EE145515}"
EndProject
Project("{9A19103F-16F7-4668-BE54-9A1E7A4F7556}") = "WSE.WebApp.MVC", "src\web\WSE.WebApp.MVC\WSE.WebApp.MVC.csproj", "{AE1973A7-BF2A-48F5-AC79-C1D36A093A1F}"
EndProject
Project("{2150E333-8FDC-42A3-9474-1A3956D46DE8}") = "Core", "Core", "{3B610DA1-69F7-4FAC-B4F6-81A737AD27A4}"
EndProject
Project("{9A19103F-16F7-4668-BE54-9A1E7A4F7556}") = "WSE.Core", "src\building blocks\WSE.Core\WSE.Core.csproj", "{51B57C1E-1B82-42D5-92DC-489D4B5EC65A}"
EndProject
Project("{2150E333-8FDC-42A3-9474-1A3956D46DE8}") = "Carrinho", "Carrinho", "{063E9F6A-6BBF-4CF1-9246-C6962EF966F6}"
EndProject
Project("{9A19103F-16F7-4668-BE54-9A1E7A4F7556}") = "WSE.Carrinho.API", "src\services\WSE.Carrinho.API\WSE.Carrinho.API.csproj", "{67D4707E-085C-4147-BE34-ABA856EEACA6}"
EndProject
Project("{2150E333-8FDC-42A3-9474-1A3956D46DE8}") = "Catalogo", "Catalogo", "{404E52ED-5818-4A10-933A-6D1AEA44D79B}"
EndProject
Project("{9A19103F-16F7-4668-BE54-9A1E7A4F7556}") = "WSE.Catalogo.API", "src\services\WSE.Catalogo.API\WSE.Catalogo.API.csproj", "{D1739C36-623E-4465-B9F8-19D705C5BB37}"
EndProject
Project("{2150E333-8FDC-42A3-9474-1A3956D46DE8}") = "Clientes", "Clientes", "{292FFA09-15F6-4255-A47E-C39499F90CF5}"
EndProject
Project("{2150E333-8FDC-42A3-9474-1A3956D46DE8}") = "Pagamento", "Pagamento", "{AE6A3A2A-6953-4725-B3BF-F71826AD5724}"
EndProject
Project("{9A19103F-16F7-4668-BE54-9A1E7A4F7556}") = "WSE.Pagamento.API", "src\services\WSE.Pagamento.API\WSE.Pagamento.API.csproj", "{87247A5C-433A-4F99-A15E-ED9891205D98}"
EndProject
Project("{2150E333-8FDC-42A3-9474-1A3956D46DE8}") = "Pedido", "Pedido", "{2B3F7C78-71E8-4D36-B352-75535EE3DFC1}"
EndProject
Project("{9A19103F-16F7-4668-BE54-9A1E7A4F7556}") = "WSE.Pedidos.API", "src\services\WSE.Pedido.API\WSE.Pedidos.API.csproj", "{4BD4FF2A-4E34-48AA-A70A-395887A48591}"
EndProject
Project("{9A19103F-16F7-4668-BE54-9A1E7A4F7556}") = "WSE.WebAPI.Core", "src\building blocks\WSE.WebAPI.Core\WSE.WebAPI.Core.csproj", "{C1010DB5-767F-4D5E-A75F-5DCBDBB61B83}"
EndProject
Project("{2150E333-8FDC-42A3-9474-1A3956D46DE8}") = "Services", "Services", "{C4F833C3-C4DD-4BB9-A2CF-F20C9C6A197F}"
EndProject
Project("{9A19103F-16F7-4668-BE54-9A1E7A4F7556}") = "WSE.Clientes.API", "src\services\WSE.Clientes.API\WSE.Clientes.API.csproj", "{4C9CEA08-FDCC-48F6-8E63-849C8997B9F4}"
EndProject
Project("{9A19103F-16F7-4668-BE54-9A1E7A4F7556}") = "WSE.MessageBus", "src\building blocks\WSE.MessageBus\WSE.MessageBus.csproj", "{F1656151-0246-4871-B315-209357B791E6}"
EndProject
Project("{2150E333-8FDC-42A3-9474-1A3956D46DE8}") = "MessageBus", "MessageBus", "{D1E17E32-C761-44C4-8382-D0BFE3CC5FCA}"
EndProject
Global
	GlobalSection(SolutionConfigurationPlatforms) = preSolution
		Debug|Any CPU = Debug|Any CPU
		Release|Any CPU = Release|Any CPU
	EndGlobalSection
	GlobalSection(ProjectConfigurationPlatforms) = postSolution
		{27375A60-D8B2-4FA4-9273-F2B75FC4244E}.Debug|Any CPU.ActiveCfg = Debug|Any CPU
		{27375A60-D8B2-4FA4-9273-F2B75FC4244E}.Debug|Any CPU.Build.0 = Debug|Any CPU
		{27375A60-D8B2-4FA4-9273-F2B75FC4244E}.Release|Any CPU.ActiveCfg = Release|Any CPU
		{27375A60-D8B2-4FA4-9273-F2B75FC4244E}.Release|Any CPU.Build.0 = Release|Any CPU
		{AE1973A7-BF2A-48F5-AC79-C1D36A093A1F}.Debug|Any CPU.ActiveCfg = Debug|Any CPU
		{AE1973A7-BF2A-48F5-AC79-C1D36A093A1F}.Debug|Any CPU.Build.0 = Debug|Any CPU
		{AE1973A7-BF2A-48F5-AC79-C1D36A093A1F}.Release|Any CPU.ActiveCfg = Release|Any CPU
		{AE1973A7-BF2A-48F5-AC79-C1D36A093A1F}.Release|Any CPU.Build.0 = Release|Any CPU
		{51B57C1E-1B82-42D5-92DC-489D4B5EC65A}.Debug|Any CPU.ActiveCfg = Debug|Any CPU
		{51B57C1E-1B82-42D5-92DC-489D4B5EC65A}.Debug|Any CPU.Build.0 = Debug|Any CPU
		{51B57C1E-1B82-42D5-92DC-489D4B5EC65A}.Release|Any CPU.ActiveCfg = Release|Any CPU
		{51B57C1E-1B82-42D5-92DC-489D4B5EC65A}.Release|Any CPU.Build.0 = Release|Any CPU
		{67D4707E-085C-4147-BE34-ABA856EEACA6}.Debug|Any CPU.ActiveCfg = Debug|Any CPU
		{67D4707E-085C-4147-BE34-ABA856EEACA6}.Debug|Any CPU.Build.0 = Debug|Any CPU
		{67D4707E-085C-4147-BE34-ABA856EEACA6}.Release|Any CPU.ActiveCfg = Release|Any CPU
		{67D4707E-085C-4147-BE34-ABA856EEACA6}.Release|Any CPU.Build.0 = Release|Any CPU
		{D1739C36-623E-4465-B9F8-19D705C5BB37}.Debug|Any CPU.ActiveCfg = Debug|Any CPU
		{D1739C36-623E-4465-B9F8-19D705C5BB37}.Debug|Any CPU.Build.0 = Debug|Any CPU
		{D1739C36-623E-4465-B9F8-19D705C5BB37}.Release|Any CPU.ActiveCfg = Release|Any CPU
		{D1739C36-623E-4465-B9F8-19D705C5BB37}.Release|Any CPU.Build.0 = Release|Any CPU
		{87247A5C-433A-4F99-A15E-ED9891205D98}.Debug|Any CPU.ActiveCfg = Debug|Any CPU
		{87247A5C-433A-4F99-A15E-ED9891205D98}.Debug|Any CPU.Build.0 = Debug|Any CPU
		{87247A5C-433A-4F99-A15E-ED9891205D98}.Release|Any CPU.ActiveCfg = Release|Any CPU
		{87247A5C-433A-4F99-A15E-ED9891205D98}.Release|Any CPU.Build.0 = Release|Any CPU
		{4BD4FF2A-4E34-48AA-A70A-395887A48591}.Debug|Any CPU.ActiveCfg = Debug|Any CPU
		{4BD4FF2A-4E34-48AA-A70A-395887A48591}.Debug|Any CPU.Build.0 = Debug|Any CPU
		{4BD4FF2A-4E34-48AA-A70A-395887A48591}.Release|Any CPU.ActiveCfg = Release|Any CPU
		{4BD4FF2A-4E34-48AA-A70A-395887A48591}.Release|Any CPU.Build.0 = Release|Any CPU
		{C1010DB5-767F-4D5E-A75F-5DCBDBB61B83}.Debug|Any CPU.ActiveCfg = Debug|Any CPU
		{C1010DB5-767F-4D5E-A75F-5DCBDBB61B83}.Debug|Any CPU.Build.0 = Debug|Any CPU
		{C1010DB5-767F-4D5E-A75F-5DCBDBB61B83}.Release|Any CPU.ActiveCfg = Release|Any CPU
		{C1010DB5-767F-4D5E-A75F-5DCBDBB61B83}.Release|Any CPU.Build.0 = Release|Any CPU
		{4C9CEA08-FDCC-48F6-8E63-849C8997B9F4}.Debug|Any CPU.ActiveCfg = Debug|Any CPU
		{4C9CEA08-FDCC-48F6-8E63-849C8997B9F4}.Debug|Any CPU.Build.0 = Debug|Any CPU
		{4C9CEA08-FDCC-48F6-8E63-849C8997B9F4}.Release|Any CPU.ActiveCfg = Release|Any CPU
		{4C9CEA08-FDCC-48F6-8E63-849C8997B9F4}.Release|Any CPU.Build.0 = Release|Any CPU
		{F1656151-0246-4871-B315-209357B791E6}.Debug|Any CPU.ActiveCfg = Debug|Any CPU
		{F1656151-0246-4871-B315-209357B791E6}.Debug|Any CPU.Build.0 = Debug|Any CPU
		{F1656151-0246-4871-B315-209357B791E6}.Release|Any CPU.ActiveCfg = Release|Any CPU
		{F1656151-0246-4871-B315-209357B791E6}.Release|Any CPU.Build.0 = Release|Any CPU
	EndGlobalSection
	GlobalSection(SolutionProperties) = preSolution
		HideSolutionNode = FALSE
	EndGlobalSection
	GlobalSection(NestedProjects) = preSolution
		{F4EC2232-F0F0-4E4E-AE6C-433A35BC95A6} = {C01E0023-649D-4117-A103-54682CCAC2C5}
		{E2493DA6-358E-4C7A-8D8E-FD0D2BE8F7BF} = {C01E0023-649D-4117-A103-54682CCAC2C5}
		{86FE3E35-765C-489D-9A5A-935DB9396431} = {C01E0023-649D-4117-A103-54682CCAC2C5}
		{30AB9330-FABD-41C3-BC45-D8C4F2BFA43A} = {E2493DA6-358E-4C7A-8D8E-FD0D2BE8F7BF}
		{27375A60-D8B2-4FA4-9273-F2B75FC4244E} = {30AB9330-FABD-41C3-BC45-D8C4F2BFA43A}
		{148473C7-238F-4FFF-BF49-3E06EE145515} = {86FE3E35-765C-489D-9A5A-935DB9396431}
		{AE1973A7-BF2A-48F5-AC79-C1D36A093A1F} = {148473C7-238F-4FFF-BF49-3E06EE145515}
		{3B610DA1-69F7-4FAC-B4F6-81A737AD27A4} = {F4EC2232-F0F0-4E4E-AE6C-433A35BC95A6}
		{51B57C1E-1B82-42D5-92DC-489D4B5EC65A} = {3B610DA1-69F7-4FAC-B4F6-81A737AD27A4}
		{063E9F6A-6BBF-4CF1-9246-C6962EF966F6} = {E2493DA6-358E-4C7A-8D8E-FD0D2BE8F7BF}
		{67D4707E-085C-4147-BE34-ABA856EEACA6} = {063E9F6A-6BBF-4CF1-9246-C6962EF966F6}
		{404E52ED-5818-4A10-933A-6D1AEA44D79B} = {E2493DA6-358E-4C7A-8D8E-FD0D2BE8F7BF}
		{D1739C36-623E-4465-B9F8-19D705C5BB37} = {404E52ED-5818-4A10-933A-6D1AEA44D79B}
		{292FFA09-15F6-4255-A47E-C39499F90CF5} = {E2493DA6-358E-4C7A-8D8E-FD0D2BE8F7BF}
		{AE6A3A2A-6953-4725-B3BF-F71826AD5724} = {E2493DA6-358E-4C7A-8D8E-FD0D2BE8F7BF}
		{87247A5C-433A-4F99-A15E-ED9891205D98} = {AE6A3A2A-6953-4725-B3BF-F71826AD5724}
		{2B3F7C78-71E8-4D36-B352-75535EE3DFC1} = {E2493DA6-358E-4C7A-8D8E-FD0D2BE8F7BF}
		{4BD4FF2A-4E34-48AA-A70A-395887A48591} = {2B3F7C78-71E8-4D36-B352-75535EE3DFC1}
		{C1010DB5-767F-4D5E-A75F-5DCBDBB61B83} = {C4F833C3-C4DD-4BB9-A2CF-F20C9C6A197F}
		{C4F833C3-C4DD-4BB9-A2CF-F20C9C6A197F} = {F4EC2232-F0F0-4E4E-AE6C-433A35BC95A6}
		{4C9CEA08-FDCC-48F6-8E63-849C8997B9F4} = {292FFA09-15F6-4255-A47E-C39499F90CF5}
		{F1656151-0246-4871-B315-209357B791E6} = {D1E17E32-C761-44C4-8382-D0BFE3CC5FCA}
		{D1E17E32-C761-44C4-8382-D0BFE3CC5FCA} = {F4EC2232-F0F0-4E4E-AE6C-433A35BC95A6}
	EndGlobalSection
	GlobalSection(ExtensibilityGlobals) = postSolution
		SolutionGuid = {80BA816C-1C36-416A-898F-0A2C0BE94BC1}
	EndGlobalSection
EndGlobal
